
Microsoft Visual Studio Solution File, Format Version 12.00
Project("{FAE04EC0-301F-11D3-BF4B-00C04F79EFBC}") = "Neuron.Core", "Neuron.Core\Neuron.Core.csproj", "{2F17FA64-F5B9-43DE-9887-D221B2798CED}"
EndProject
Project("{FAE04EC0-301F-11D3-BF4B-00C04F79EFBC}") = "Neuron.Tests.Core", "Neuron.Tests.Core\Neuron.Tests.Core.csproj", "{BB734F31-D12F-4B89-9491-C9D416BBF825}"
EndProject
Project("{FAE04EC0-301F-11D3-BF4B-00C04F79EFBC}") = "Neuron.Modules.Patcher", "Neuron.Modules.Patcher\Neuron.Modules.Patcher.csproj", "{7D1BDE3C-A8D9-4648-8CD3-6AEAB259C669}"
EndProject
Project("{FAE04EC0-301F-11D3-BF4B-00C04F79EFBC}") = "Neuron.Modules.Commands", "Neuron.Modules.Commands\Neuron.Modules.Commands.csproj", "{D5A1EBCC-4F11-4DFB-96A5-8E73E3C437AB}"
EndProject
Project("{FAE04EC0-301F-11D3-BF4B-00C04F79EFBC}") = "Neuron.Tests.Commands", "Neuron.Tests.Commands\Neuron.Tests.Commands.csproj", "{38630A44-2CA2-4B7F-B4E1-219C1AADEA42}"
EndProject
Project("{FAE04EC0-301F-11D3-BF4B-00C04F79EFBC}") = "Neuron.Core.Standalone", "Neuron.Core.Standalone\Neuron.Core.Standalone.csproj", "{7AF6BE34-EF21-42B5-A59F-A9027F6C0CA5}"
EndProject
Global
	GlobalSection(SolutionConfigurationPlatforms) = preSolution
		Debug|Any CPU = Debug|Any CPU
		Release|Any CPU = Release|Any CPU
	EndGlobalSection
	GlobalSection(ProjectConfigurationPlatforms) = postSolution
		{2F17FA64-F5B9-43DE-9887-D221B2798CED}.Debug|Any CPU.ActiveCfg = Debug|Any CPU
		{2F17FA64-F5B9-43DE-9887-D221B2798CED}.Debug|Any CPU.Build.0 = Debug|Any CPU
		{2F17FA64-F5B9-43DE-9887-D221B2798CED}.Release|Any CPU.ActiveCfg = Release|Any CPU
		{2F17FA64-F5B9-43DE-9887-D221B2798CED}.Release|Any CPU.Build.0 = Release|Any CPU
		{BB734F31-D12F-4B89-9491-C9D416BBF825}.Debug|Any CPU.ActiveCfg = Debug|Any CPU
		{BB734F31-D12F-4B89-9491-C9D416BBF825}.Debug|Any CPU.Build.0 = Debug|Any CPU
		{BB734F31-D12F-4B89-9491-C9D416BBF825}.Release|Any CPU.ActiveCfg = Release|Any CPU
		{BB734F31-D12F-4B89-9491-C9D416BBF825}.Release|Any CPU.Build.0 = Release|Any CPU
		{7D1BDE3C-A8D9-4648-8CD3-6AEAB259C669}.Debug|Any CPU.ActiveCfg = Debug|Any CPU
		{7D1BDE3C-A8D9-4648-8CD3-6AEAB259C669}.Debug|Any CPU.Build.0 = Debug|Any CPU
		{7D1BDE3C-A8D9-4648-8CD3-6AEAB259C669}.Release|Any CPU.ActiveCfg = Release|Any CPU
		{7D1BDE3C-A8D9-4648-8CD3-6AEAB259C669}.Release|Any CPU.Build.0 = Release|Any CPU
		{D5A1EBCC-4F11-4DFB-96A5-8E73E3C437AB}.Debug|Any CPU.ActiveCfg = Debug|Any CPU
		{D5A1EBCC-4F11-4DFB-96A5-8E73E3C437AB}.Debug|Any CPU.Build.0 = Debug|Any CPU
		{D5A1EBCC-4F11-4DFB-96A5-8E73E3C437AB}.Release|Any CPU.ActiveCfg = Release|Any CPU
		{D5A1EBCC-4F11-4DFB-96A5-8E73E3C437AB}.Release|Any CPU.Build.0 = Release|Any CPU
		{38630A44-2CA2-4B7F-B4E1-219C1AADEA42}.Debug|Any CPU.ActiveCfg = Debug|Any CPU
		{38630A44-2CA2-4B7F-B4E1-219C1AADEA42}.Debug|Any CPU.Build.0 = Debug|Any CPU
		{38630A44-2CA2-4B7F-B4E1-219C1AADEA42}.Release|Any CPU.ActiveCfg = Release|Any CPU
		{38630A44-2CA2-4B7F-B4E1-219C1AADEA42}.Release|Any CPU.Build.0 = Release|Any CPU
		{7AF6BE34-EF21-42B5-A59F-A9027F6C0CA5}.Debug|Any CPU.ActiveCfg = Debug|Any CPU
		{7AF6BE34-EF21-42B5-A59F-A9027F6C0CA5}.Debug|Any CPU.Build.0 = Debug|Any CPU
		{7AF6BE34-EF21-42B5-A59F-A9027F6C0CA5}.Release|Any CPU.ActiveCfg = Release|Any CPU
		{7AF6BE34-EF21-42B5-A59F-A9027F6C0CA5}.Release|Any CPU.Build.0 = Release|Any CPU
	EndGlobalSection
EndGlobal
